// !$*UTF8*$!
{
	archiveVersion = 1;
	classes = {
	};
	objectVersion = 55;
	objects = {

/* Begin PBXBuildFile section */
		881B486F2783F84A00DE1031 /* ChangePasswordViewController.swift in Sources */ = {isa = PBXBuildFile; fileRef = 881B486E2783F84A00DE1031 /* ChangePasswordViewController.swift */; };
		881B48722783F86A00DE1031 /* ChangePasswordViewModel.swift in Sources */ = {isa = PBXBuildFile; fileRef = 881B48712783F86A00DE1031 /* ChangePasswordViewModel.swift */; };
		881B48742783F87300DE1031 /* ChangePasswordView.swift in Sources */ = {isa = PBXBuildFile; fileRef = 881B48732783F87300DE1031 /* ChangePasswordView.swift */; };
		881B4879278453B800DE1031 /* Alamofire in Frameworks */ = {isa = PBXBuildFile; productRef = 881B4878278453B800DE1031 /* Alamofire */; };
		881B487B27848B8B00DE1031 /* Comments.swift in Sources */ = {isa = PBXBuildFile; fileRef = 881B487A27848B8B00DE1031 /* Comments.swift */; };
		88533D8F27869BCC00761757 /* EndPoints.swift in Sources */ = {isa = PBXBuildFile; fileRef = 88533D8E27869BCC00761757 /* EndPoints.swift */; };
		887CD4FC277EA84800709682 /* UserData.swift in Sources */ = {isa = PBXBuildFile; fileRef = 887CD4FB277EA84800709682 /* UserData.swift */; };
		887CD4FE277EA89800709682 /* BoardData.swift in Sources */ = {isa = PBXBuildFile; fileRef = 887CD4FD277EA89800709682 /* BoardData.swift */; };
		887CD500277EAA5600709682 /* ApiService.swift in Sources */ = {isa = PBXBuildFile; fileRef = 887CD4FF277EAA5600709682 /* ApiService.swift */; };
		887CD502277EE15D00709682 /* LoginViewController.swift in Sources */ = {isa = PBXBuildFile; fileRef = 887CD501277EE15D00709682 /* LoginViewController.swift */; };
		887CD505277EE17A00709682 /* LoginViewModel.swift in Sources */ = {isa = PBXBuildFile; fileRef = 887CD504277EE17A00709682 /* LoginViewModel.swift */; };
		887CD507277EE18600709682 /* LoginView.swift in Sources */ = {isa = PBXBuildFile; fileRef = 887CD506277EE18600709682 /* LoginView.swift */; };
		887CD509277EE52B00709682 /* Observable.swift in Sources */ = {isa = PBXBuildFile; fileRef = 887CD508277EE52B00709682 /* Observable.swift */; };
		887CD50B277F24D700709682 /* BoardViewController.swift in Sources */ = {isa = PBXBuildFile; fileRef = 887CD50A277F24D700709682 /* BoardViewController.swift */; };
		887CD50F277F251C00709682 /* BoardView.swift in Sources */ = {isa = PBXBuildFile; fileRef = 887CD50E277F251C00709682 /* BoardView.swift */; };
		887CD511277F252200709682 /* BoardViewModel.swift in Sources */ = {isa = PBXBuildFile; fileRef = 887CD510277F252200709682 /* BoardViewModel.swift */; };
		887CD513277F2A0F00709682 /* BoardCell.swift in Sources */ = {isa = PBXBuildFile; fileRef = 887CD512277F2A0F00709682 /* BoardCell.swift */; };
		887CD515277F375600709682 /* AddPosterViewController.swift in Sources */ = {isa = PBXBuildFile; fileRef = 887CD514277F375600709682 /* AddPosterViewController.swift */; };
		887CD518277F376600709682 /* AddPosterView.swift in Sources */ = {isa = PBXBuildFile; fileRef = 887CD517277F376600709682 /* AddPosterView.swift */; };
		887CD51A277F377200709682 /* AddPosterViewModel.swift in Sources */ = {isa = PBXBuildFile; fileRef = 887CD519277F377200709682 /* AddPosterViewModel.swift */; };
		888C5AE227870232005C8251 /* IQKeyboardManagerSwift in Frameworks */ = {isa = PBXBuildFile; productRef = 888C5AE127870232005C8251 /* IQKeyboardManagerSwift */; };
		88A36C59277DE7BB00DB6DC4 /* AppDelegate.swift in Sources */ = {isa = PBXBuildFile; fileRef = 88A36C58277DE7BB00DB6DC4 /* AppDelegate.swift */; };
		88A36C5B277DE7BB00DB6DC4 /* SceneDelegate.swift in Sources */ = {isa = PBXBuildFile; fileRef = 88A36C5A277DE7BB00DB6DC4 /* SceneDelegate.swift */; };
		88A36C62277DE7BF00DB6DC4 /* Assets.xcassets in Resources */ = {isa = PBXBuildFile; fileRef = 88A36C61277DE7BF00DB6DC4 /* Assets.xcassets */; };
		88A36C65277DE7BF00DB6DC4 /* LaunchScreen.storyboard in Resources */ = {isa = PBXBuildFile; fileRef = 88A36C63277DE7BF00DB6DC4 /* LaunchScreen.storyboard */; };
		88A36C6D277DE81A00DB6DC4 /* WelcomeViewController.swift in Sources */ = {isa = PBXBuildFile; fileRef = 88A36C6C277DE81A00DB6DC4 /* WelcomeViewController.swift */; };
		88A36C6F277DE82600DB6DC4 /* WelcomeView.swift in Sources */ = {isa = PBXBuildFile; fileRef = 88A36C6E277DE82600DB6DC4 /* WelcomeView.swift */; };
		88A36C71277DE82E00DB6DC4 /* WelcomeViewModel.swift in Sources */ = {isa = PBXBuildFile; fileRef = 88A36C70277DE82E00DB6DC4 /* WelcomeViewModel.swift */; };
		88A36C75277DE85700DB6DC4 /* SnapKit in Frameworks */ = {isa = PBXBuildFile; productRef = 88A36C74277DE85700DB6DC4 /* SnapKit */; };
		88A36C77277DEB6F00DB6DC4 /* RigisterViewController.swift in Sources */ = {isa = PBXBuildFile; fileRef = 88A36C76277DEB6F00DB6DC4 /* RigisterViewController.swift */; };
		88A36C79277DEB8400DB6DC4 /* RegisterView.swift in Sources */ = {isa = PBXBuildFile; fileRef = 88A36C78277DEB8400DB6DC4 /* RegisterView.swift */; };
		88A36C7B277DEB8D00DB6DC4 /* RegisterViewModel.swift in Sources */ = {isa = PBXBuildFile; fileRef = 88A36C7A277DEB8D00DB6DC4 /* RegisterViewModel.swift */; };
		88A3D8D727854463001971A0 /* RxCocoa in Frameworks */ = {isa = PBXBuildFile; productRef = 88A3D8D627854463001971A0 /* RxCocoa */; };
		88A3D8D927854463001971A0 /* RxSwift in Frameworks */ = {isa = PBXBuildFile; productRef = 88A3D8D827854463001971A0 /* RxSwift */; };
		88A3D8DB278544AD001971A0 /* Main.storyboard in Resources */ = {isa = PBXBuildFile; fileRef = 88A3D8DA278544AD001971A0 /* Main.storyboard */; };
		88BBAF91278320AE00ECEA6F /* Toast in Frameworks */ = {isa = PBXBuildFile; productRef = 88BBAF90278320AE00ECEA6F /* Toast */; };
		88BBAF9327832A2400ECEA6F /* toJsonData.swift in Sources */ = {isa = PBXBuildFile; fileRef = 88BBAF9227832A2400ECEA6F /* toJsonData.swift */; };
		88CA96C1278A9CED00155F66 /* ChangePasswordError.swift in Sources */ = {isa = PBXBuildFile; fileRef = 88CA96C0278A9CED00155F66 /* ChangePasswordError.swift */; };
		88DFD874277FF8170080753C /* SendPost.swift in Sources */ = {isa = PBXBuildFile; fileRef = 88DFD873277FF8170080753C /* SendPost.swift */; };
		88DFD876277FFEE00080753C /* DetailPostViewController.swift in Sources */ = {isa = PBXBuildFile; fileRef = 88DFD875277FFEE00080753C /* DetailPostViewController.swift */; };
		88DFD879277FFF080080753C /* DetailPostViewModel.swift in Sources */ = {isa = PBXBuildFile; fileRef = 88DFD878277FFF080080753C /* DetailPostViewModel.swift */; };
		88DFD87B277FFF0E0080753C /* DetailPostView.swift in Sources */ = {isa = PBXBuildFile; fileRef = 88DFD87A277FFF0E0080753C /* DetailPostView.swift */; };
		88DFD87D277FFFC20080753C /* DetailPostTableViewCell.swift in Sources */ = {isa = PBXBuildFile; fileRef = 88DFD87C277FFFC20080753C /* DetailPostTableViewCell.swift */; };
		88DFD87F277FFFF90080753C /* DetailCommentTableViewCell.swift in Sources */ = {isa = PBXBuildFile; fileRef = 88DFD87E277FFFF90080753C /* DetailCommentTableViewCell.swift */; };
/* End PBXBuildFile section */

/* Begin PBXFileReference section */
		881B486E2783F84A00DE1031 /* ChangePasswordViewController.swift */ = {isa = PBXFileReference; lastKnownFileType = sourcecode.swift; path = ChangePasswordViewController.swift; sourceTree = "<group>"; };
		881B48712783F86A00DE1031 /* ChangePasswordViewModel.swift */ = {isa = PBXFileReference; lastKnownFileType = sourcecode.swift; path = ChangePasswordViewModel.swift; sourceTree = "<group>"; };
		881B48732783F87300DE1031 /* ChangePasswordView.swift */ = {isa = PBXFileReference; lastKnownFileType = sourcecode.swift; path = ChangePasswordView.swift; sourceTree = "<group>"; };
		881B487A27848B8B00DE1031 /* Comments.swift */ = {isa = PBXFileReference; lastKnownFileType = sourcecode.swift; path = Comments.swift; sourceTree = "<group>"; };
		88533D8E27869BCC00761757 /* EndPoints.swift */ = {isa = PBXFileReference; lastKnownFileType = sourcecode.swift; path = EndPoints.swift; sourceTree = "<group>"; };
		887CD4FB277EA84800709682 /* UserData.swift */ = {isa = PBXFileReference; lastKnownFileType = sourcecode.swift; path = UserData.swift; sourceTree = "<group>"; };
		887CD4FD277EA89800709682 /* BoardData.swift */ = {isa = PBXFileReference; lastKnownFileType = sourcecode.swift; path = BoardData.swift; sourceTree = "<group>"; };
		887CD4FF277EAA5600709682 /* ApiService.swift */ = {isa = PBXFileReference; lastKnownFileType = sourcecode.swift; path = ApiService.swift; sourceTree = "<group>"; };
		887CD501277EE15D00709682 /* LoginViewController.swift */ = {isa = PBXFileReference; lastKnownFileType = sourcecode.swift; path = LoginViewController.swift; sourceTree = "<group>"; };
		887CD504277EE17A00709682 /* LoginViewModel.swift */ = {isa = PBXFileReference; lastKnownFileType = sourcecode.swift; path = LoginViewModel.swift; sourceTree = "<group>"; };
		887CD506277EE18600709682 /* LoginView.swift */ = {isa = PBXFileReference; lastKnownFileType = sourcecode.swift; path = LoginView.swift; sourceTree = "<group>"; };
		887CD508277EE52B00709682 /* Observable.swift */ = {isa = PBXFileReference; lastKnownFileType = sourcecode.swift; path = Observable.swift; sourceTree = "<group>"; };
		887CD50A277F24D700709682 /* BoardViewController.swift */ = {isa = PBXFileReference; lastKnownFileType = sourcecode.swift; path = BoardViewController.swift; sourceTree = "<group>"; };
		887CD50E277F251C00709682 /* BoardView.swift */ = {isa = PBXFileReference; lastKnownFileType = sourcecode.swift; path = BoardView.swift; sourceTree = "<group>"; };
		887CD510277F252200709682 /* BoardViewModel.swift */ = {isa = PBXFileReference; lastKnownFileType = sourcecode.swift; path = BoardViewModel.swift; sourceTree = "<group>"; };
		887CD512277F2A0F00709682 /* BoardCell.swift */ = {isa = PBXFileReference; lastKnownFileType = sourcecode.swift; path = BoardCell.swift; sourceTree = "<group>"; };
		887CD514277F375600709682 /* AddPosterViewController.swift */ = {isa = PBXFileReference; lastKnownFileType = sourcecode.swift; path = AddPosterViewController.swift; sourceTree = "<group>"; };
		887CD517277F376600709682 /* AddPosterView.swift */ = {isa = PBXFileReference; lastKnownFileType = sourcecode.swift; path = AddPosterView.swift; sourceTree = "<group>"; };
		887CD519277F377200709682 /* AddPosterViewModel.swift */ = {isa = PBXFileReference; lastKnownFileType = sourcecode.swift; path = AddPosterViewModel.swift; sourceTree = "<group>"; };
		88A36C55277DE7BB00DB6DC4 /* 2021LastProject.app */ = {isa = PBXFileReference; explicitFileType = wrapper.application; includeInIndex = 0; path = 2021LastProject.app; sourceTree = BUILT_PRODUCTS_DIR; };
		88A36C58277DE7BB00DB6DC4 /* AppDelegate.swift */ = {isa = PBXFileReference; lastKnownFileType = sourcecode.swift; path = AppDelegate.swift; sourceTree = "<group>"; };
		88A36C5A277DE7BB00DB6DC4 /* SceneDelegate.swift */ = {isa = PBXFileReference; lastKnownFileType = sourcecode.swift; path = SceneDelegate.swift; sourceTree = "<group>"; };
		88A36C61277DE7BF00DB6DC4 /* Assets.xcassets */ = {isa = PBXFileReference; lastKnownFileType = folder.assetcatalog; path = Assets.xcassets; sourceTree = "<group>"; };
		88A36C64277DE7BF00DB6DC4 /* Base */ = {isa = PBXFileReference; lastKnownFileType = file.storyboard; name = Base; path = Base.lproj/LaunchScreen.storyboard; sourceTree = "<group>"; };
		88A36C66277DE7BF00DB6DC4 /* Info.plist */ = {isa = PBXFileReference; lastKnownFileType = text.plist.xml; path = Info.plist; sourceTree = "<group>"; };
		88A36C6C277DE81A00DB6DC4 /* WelcomeViewController.swift */ = {isa = PBXFileReference; lastKnownFileType = sourcecode.swift; path = WelcomeViewController.swift; sourceTree = "<group>"; };
		88A36C6E277DE82600DB6DC4 /* WelcomeView.swift */ = {isa = PBXFileReference; lastKnownFileType = sourcecode.swift; path = WelcomeView.swift; sourceTree = "<group>"; };
		88A36C70277DE82E00DB6DC4 /* WelcomeViewModel.swift */ = {isa = PBXFileReference; lastKnownFileType = sourcecode.swift; path = WelcomeViewModel.swift; sourceTree = "<group>"; };
		88A36C76277DEB6F00DB6DC4 /* RigisterViewController.swift */ = {isa = PBXFileReference; lastKnownFileType = sourcecode.swift; path = RigisterViewController.swift; sourceTree = "<group>"; };
		88A36C78277DEB8400DB6DC4 /* RegisterView.swift */ = {isa = PBXFileReference; lastKnownFileType = sourcecode.swift; path = RegisterView.swift; sourceTree = "<group>"; };
		88A36C7A277DEB8D00DB6DC4 /* RegisterViewModel.swift */ = {isa = PBXFileReference; lastKnownFileType = sourcecode.swift; path = RegisterViewModel.swift; sourceTree = "<group>"; };
		88A3D8DA278544AD001971A0 /* Main.storyboard */ = {isa = PBXFileReference; lastKnownFileType = file.storyboard; path = Main.storyboard; sourceTree = "<group>"; };
		88BBAF9227832A2400ECEA6F /* toJsonData.swift */ = {isa = PBXFileReference; lastKnownFileType = sourcecode.swift; path = toJsonData.swift; sourceTree = "<group>"; };
		88CA96C0278A9CED00155F66 /* ChangePasswordError.swift */ = {isa = PBXFileReference; lastKnownFileType = sourcecode.swift; path = ChangePasswordError.swift; sourceTree = "<group>"; };
		88DFD873277FF8170080753C /* SendPost.swift */ = {isa = PBXFileReference; lastKnownFileType = sourcecode.swift; path = SendPost.swift; sourceTree = "<group>"; };
		88DFD875277FFEE00080753C /* DetailPostViewController.swift */ = {isa = PBXFileReference; lastKnownFileType = sourcecode.swift; path = DetailPostViewController.swift; sourceTree = "<group>"; };
		88DFD878277FFF080080753C /* DetailPostViewModel.swift */ = {isa = PBXFileReference; lastKnownFileType = sourcecode.swift; path = DetailPostViewModel.swift; sourceTree = "<group>"; };
		88DFD87A277FFF0E0080753C /* DetailPostView.swift */ = {isa = PBXFileReference; lastKnownFileType = sourcecode.swift; path = DetailPostView.swift; sourceTree = "<group>"; };
		88DFD87C277FFFC20080753C /* DetailPostTableViewCell.swift */ = {isa = PBXFileReference; lastKnownFileType = sourcecode.swift; path = DetailPostTableViewCell.swift; sourceTree = "<group>"; };
		88DFD87E277FFFF90080753C /* DetailCommentTableViewCell.swift */ = {isa = PBXFileReference; lastKnownFileType = sourcecode.swift; path = DetailCommentTableViewCell.swift; sourceTree = "<group>"; };
/* End PBXFileReference section */

/* Begin PBXFrameworksBuildPhase section */
		88A36C52277DE7BB00DB6DC4 /* Frameworks */ = {
			isa = PBXFrameworksBuildPhase;
			buildActionMask = 2147483647;
			files = (
				881B4879278453B800DE1031 /* Alamofire in Frameworks */,
				88BBAF91278320AE00ECEA6F /* Toast in Frameworks */,
				88A3D8D927854463001971A0 /* RxSwift in Frameworks */,
				88A3D8D727854463001971A0 /* RxCocoa in Frameworks */,
				88A36C75277DE85700DB6DC4 /* SnapKit in Frameworks */,
				888C5AE227870232005C8251 /* IQKeyboardManagerSwift in Frameworks */,
			);
			runOnlyForDeploymentPostprocessing = 0;
		};
/* End PBXFrameworksBuildPhase section */

/* Begin PBXGroup section */
		881B48702783F85000DE1031 /* ChangePassword */ = {
			isa = PBXGroup;
			children = (
				881B486E2783F84A00DE1031 /* ChangePasswordViewController.swift */,
				881B48712783F86A00DE1031 /* ChangePasswordViewModel.swift */,
				881B48732783F87300DE1031 /* ChangePasswordView.swift */,
			);
			path = ChangePassword;
			sourceTree = "<group>";
		};
		88533D8D27869BBD00761757 /* APIs */ = {
			isa = PBXGroup;
			children = (
				887CD4FF277EAA5600709682 /* ApiService.swift */,
				88533D8E27869BCC00761757 /* EndPoints.swift */,
			);
			path = APIs;
			sourceTree = "<group>";
		};
		887CD503277EE17000709682 /* Login */ = {
			isa = PBXGroup;
			children = (
				887CD501277EE15D00709682 /* LoginViewController.swift */,
				887CD504277EE17A00709682 /* LoginViewModel.swift */,
				887CD506277EE18600709682 /* LoginView.swift */,
			);
			path = Login;
			sourceTree = "<group>";
		};
		887CD50C277F24F200709682 /* Board */ = {
			isa = PBXGroup;
			children = (
				887CD50A277F24D700709682 /* BoardViewController.swift */,
				887CD50E277F251C00709682 /* BoardView.swift */,
				887CD510277F252200709682 /* BoardViewModel.swift */,
				887CD512277F2A0F00709682 /* BoardCell.swift */,
			);
			path = Board;
			sourceTree = "<group>";
		};
		887CD50D277F250B00709682 /* Data */ = {
			isa = PBXGroup;
			children = (
				887CD508277EE52B00709682 /* Observable.swift */,
				887CD4FB277EA84800709682 /* UserData.swift */,
				887CD4FD277EA89800709682 /* BoardData.swift */,
				88DFD873277FF8170080753C /* SendPost.swift */,
				88BBAF9227832A2400ECEA6F /* toJsonData.swift */,
				881B487A27848B8B00DE1031 /* Comments.swift */,
				88CA96C0278A9CED00155F66 /* ChangePasswordError.swift */,
			);
			path = Data;
			sourceTree = "<group>";
		};
		887CD516277F375A00709682 /* AddPoster */ = {
			isa = PBXGroup;
			children = (
				887CD514277F375600709682 /* AddPosterViewController.swift */,
				887CD517277F376600709682 /* AddPosterView.swift */,
				887CD519277F377200709682 /* AddPosterViewModel.swift */,
			);
			path = AddPoster;
			sourceTree = "<group>";
		};
		88A36C4C277DE7BB00DB6DC4 = {
			isa = PBXGroup;
			children = (
				88A36C57277DE7BB00DB6DC4 /* 2021LastProject */,
				88A36C56277DE7BB00DB6DC4 /* Products */,
			);
			sourceTree = "<group>";
		};
		88A36C56277DE7BB00DB6DC4 /* Products */ = {
			isa = PBXGroup;
			children = (
				88A36C55277DE7BB00DB6DC4 /* 2021LastProject.app */,
			);
			name = Products;
			sourceTree = "<group>";
		};
		88A36C57277DE7BB00DB6DC4 /* 2021LastProject */ = {
			isa = PBXGroup;
			children = (
				88A36C72277DE83200DB6DC4 /* Welcome */,
				887CD503277EE17000709682 /* Login */,
				88A36C7C277DEB9600DB6DC4 /* Register */,
				881B48702783F85000DE1031 /* ChangePassword */,
				887CD516277F375A00709682 /* AddPoster */,
				887CD50C277F24F200709682 /* Board */,
				88A3D8DA278544AD001971A0 /* Main.storyboard */,
				88A36C5A277DE7BB00DB6DC4 /* SceneDelegate.swift */,
				88A36C58277DE7BB00DB6DC4 /* AppDelegate.swift */,
				88A36C61277DE7BF00DB6DC4 /* Assets.xcassets */,
				88A36C63277DE7BF00DB6DC4 /* LaunchScreen.storyboard */,
				88A36C66277DE7BF00DB6DC4 /* Info.plist */,
				887CD50D277F250B00709682 /* Data */,
				88533D8D27869BBD00761757 /* APIs */,
				88DFD877277FFEF80080753C /* DetailPostView */,
			);
			path = 2021LastProject;
			sourceTree = "<group>";
		};
		88A36C72277DE83200DB6DC4 /* Welcome */ = {
			isa = PBXGroup;
			children = (
				88A36C6C277DE81A00DB6DC4 /* WelcomeViewController.swift */,
				88A36C70277DE82E00DB6DC4 /* WelcomeViewModel.swift */,
				88A36C6E277DE82600DB6DC4 /* WelcomeView.swift */,
			);
			path = Welcome;
			sourceTree = "<group>";
		};
		88A36C7C277DEB9600DB6DC4 /* Register */ = {
			isa = PBXGroup;
			children = (
				88A36C76277DEB6F00DB6DC4 /* RigisterViewController.swift */,
				88A36C7A277DEB8D00DB6DC4 /* RegisterViewModel.swift */,
				88A36C78277DEB8400DB6DC4 /* RegisterView.swift */,
			);
			path = Register;
			sourceTree = "<group>";
		};
		88DFD877277FFEF80080753C /* DetailPostView */ = {
			isa = PBXGroup;
			children = (
				88DFD875277FFEE00080753C /* DetailPostViewController.swift */,
				88DFD878277FFF080080753C /* DetailPostViewModel.swift */,
				88DFD87A277FFF0E0080753C /* DetailPostView.swift */,
				88DFD87C277FFFC20080753C /* DetailPostTableViewCell.swift */,
				88DFD87E277FFFF90080753C /* DetailCommentTableViewCell.swift */,
			);
			path = DetailPostView;
			sourceTree = "<group>";
		};
/* End PBXGroup section */

/* Begin PBXNativeTarget section */
		88A36C54277DE7BB00DB6DC4 /* 2021LastProject */ = {
			isa = PBXNativeTarget;
			buildConfigurationList = 88A36C69277DE7BF00DB6DC4 /* Build configuration list for PBXNativeTarget "2021LastProject" */;
			buildPhases = (
				88A36C51277DE7BB00DB6DC4 /* Sources */,
				88A36C52277DE7BB00DB6DC4 /* Frameworks */,
				88A36C53277DE7BB00DB6DC4 /* Resources */,
			);
			buildRules = (
			);
			dependencies = (
			);
			name = 2021LastProject;
			packageProductDependencies = (
				88A36C74277DE85700DB6DC4 /* SnapKit */,
				88BBAF90278320AE00ECEA6F /* Toast */,
				881B4878278453B800DE1031 /* Alamofire */,
				88A3D8D627854463001971A0 /* RxCocoa */,
				88A3D8D827854463001971A0 /* RxSwift */,
				888C5AE127870232005C8251 /* IQKeyboardManagerSwift */,
			);
			productName = 2021LastProject;
			productReference = 88A36C55277DE7BB00DB6DC4 /* 2021LastProject.app */;
			productType = "com.apple.product-type.application";
		};
/* End PBXNativeTarget section */

/* Begin PBXProject section */
		88A36C4D277DE7BB00DB6DC4 /* Project object */ = {
			isa = PBXProject;
			attributes = {
				BuildIndependentTargetsInParallel = 1;
				LastSwiftUpdateCheck = 1300;
				LastUpgradeCheck = 1300;
				TargetAttributes = {
					88A36C54277DE7BB00DB6DC4 = {
						CreatedOnToolsVersion = 13.0;
					};
				};
			};
			buildConfigurationList = 88A36C50277DE7BB00DB6DC4 /* Build configuration list for PBXProject "2021LastProject" */;
			compatibilityVersion = "Xcode 13.0";
			developmentRegion = en;
			hasScannedForEncodings = 0;
			knownRegions = (
				en,
				Base,
			);
			mainGroup = 88A36C4C277DE7BB00DB6DC4;
			packageReferences = (
				88A36C73277DE85700DB6DC4 /* XCRemoteSwiftPackageReference "SnapKit" */,
				88BBAF8F278320AE00ECEA6F /* XCRemoteSwiftPackageReference "Toast-Swift" */,
				881B4877278453B800DE1031 /* XCRemoteSwiftPackageReference "Alamofire" */,
				88A3D8D527854462001971A0 /* XCRemoteSwiftPackageReference "RxSwift" */,
				888C5AE027870232005C8251 /* XCRemoteSwiftPackageReference "IQKeyboardManager" */,
			);
			productRefGroup = 88A36C56277DE7BB00DB6DC4 /* Products */;
			projectDirPath = "";
			projectRoot = "";
			targets = (
				88A36C54277DE7BB00DB6DC4 /* 2021LastProject */,
			);
		};
/* End PBXProject section */

/* Begin PBXResourcesBuildPhase section */
		88A36C53277DE7BB00DB6DC4 /* Resources */ = {
			isa = PBXResourcesBuildPhase;
			buildActionMask = 2147483647;
			files = (
				88A3D8DB278544AD001971A0 /* Main.storyboard in Resources */,
				88A36C65277DE7BF00DB6DC4 /* LaunchScreen.storyboard in Resources */,
				88A36C62277DE7BF00DB6DC4 /* Assets.xcassets in Resources */,
			);
			runOnlyForDeploymentPostprocessing = 0;
		};
/* End PBXResourcesBuildPhase section */

/* Begin PBXSourcesBuildPhase section */
		88A36C51277DE7BB00DB6DC4 /* Sources */ = {
			isa = PBXSourcesBuildPhase;
			buildActionMask = 2147483647;
			files = (
				887CD513277F2A0F00709682 /* BoardCell.swift in Sources */,
				88A36C77277DEB6F00DB6DC4 /* RigisterViewController.swift in Sources */,
				887CD509277EE52B00709682 /* Observable.swift in Sources */,
				881B486F2783F84A00DE1031 /* ChangePasswordViewController.swift in Sources */,
				88A36C6F277DE82600DB6DC4 /* WelcomeView.swift in Sources */,
				887CD500277EAA5600709682 /* ApiService.swift in Sources */,
				88DFD87B277FFF0E0080753C /* DetailPostView.swift in Sources */,
				881B48742783F87300DE1031 /* ChangePasswordView.swift in Sources */,
				887CD518277F376600709682 /* AddPosterView.swift in Sources */,
				887CD507277EE18600709682 /* LoginView.swift in Sources */,
				88533D8F27869BCC00761757 /* EndPoints.swift in Sources */,
				88DFD87D277FFFC20080753C /* DetailPostTableViewCell.swift in Sources */,
				881B48722783F86A00DE1031 /* ChangePasswordViewModel.swift in Sources */,
				887CD511277F252200709682 /* BoardViewModel.swift in Sources */,
				88A36C71277DE82E00DB6DC4 /* WelcomeViewModel.swift in Sources */,
				887CD4FE277EA89800709682 /* BoardData.swift in Sources */,
				88DFD87F277FFFF90080753C /* DetailCommentTableViewCell.swift in Sources */,
				887CD515277F375600709682 /* AddPosterViewController.swift in Sources */,
				887CD51A277F377200709682 /* AddPosterViewModel.swift in Sources */,
				887CD505277EE17A00709682 /* LoginViewModel.swift in Sources */,
				88A36C7B277DEB8D00DB6DC4 /* RegisterViewModel.swift in Sources */,
				88A36C6D277DE81A00DB6DC4 /* WelcomeViewController.swift in Sources */,
				88A36C59277DE7BB00DB6DC4 /* AppDelegate.swift in Sources */,
				88DFD874277FF8170080753C /* SendPost.swift in Sources */,
				88DFD876277FFEE00080753C /* DetailPostViewController.swift in Sources */,
				887CD50B277F24D700709682 /* BoardViewController.swift in Sources */,
				88BBAF9327832A2400ECEA6F /* toJsonData.swift in Sources */,
				881B487B27848B8B00DE1031 /* Comments.swift in Sources */,
				88A36C79277DEB8400DB6DC4 /* RegisterView.swift in Sources */,
				887CD50F277F251C00709682 /* BoardView.swift in Sources */,
				887CD4FC277EA84800709682 /* UserData.swift in Sources */,
				887CD502277EE15D00709682 /* LoginViewController.swift in Sources */,
				88A36C5B277DE7BB00DB6DC4 /* SceneDelegate.swift in Sources */,
				88CA96C1278A9CED00155F66 /* ChangePasswordError.swift in Sources */,
				88DFD879277FFF080080753C /* DetailPostViewModel.swift in Sources */,
			);
			runOnlyForDeploymentPostprocessing = 0;
		};
/* End PBXSourcesBuildPhase section */

/* Begin PBXVariantGroup section */
		88A36C63277DE7BF00DB6DC4 /* LaunchScreen.storyboard */ = {
			isa = PBXVariantGroup;
			children = (
				88A36C64277DE7BF00DB6DC4 /* Base */,
			);
			name = LaunchScreen.storyboard;
			sourceTree = "<group>";
		};
/* End PBXVariantGroup section */

/* Begin XCBuildConfiguration section */
		88A36C67277DE7BF00DB6DC4 /* Debug */ = {
			isa = XCBuildConfiguration;
			buildSettings = {
				ALWAYS_SEARCH_USER_PATHS = NO;
				CLANG_ANALYZER_NONNULL = YES;
				CLANG_ANALYZER_NUMBER_OBJECT_CONVERSION = YES_AGGRESSIVE;
				CLANG_CXX_LANGUAGE_STANDARD = "gnu++17";
				CLANG_CXX_LIBRARY = "libc++";
				CLANG_ENABLE_MODULES = YES;
				CLANG_ENABLE_OBJC_ARC = YES;
				CLANG_ENABLE_OBJC_WEAK = YES;
				CLANG_WARN_BLOCK_CAPTURE_AUTORELEASING = YES;
				CLANG_WARN_BOOL_CONVERSION = YES;
				CLANG_WARN_COMMA = YES;
				CLANG_WARN_CONSTANT_CONVERSION = YES;
				CLANG_WARN_DEPRECATED_OBJC_IMPLEMENTATIONS = YES;
				CLANG_WARN_DIRECT_OBJC_ISA_USAGE = YES_ERROR;
				CLANG_WARN_DOCUMENTATION_COMMENTS = YES;
				CLANG_WARN_EMPTY_BODY = YES;
				CLANG_WARN_ENUM_CONVERSION = YES;
				CLANG_WARN_INFINITE_RECURSION = YES;
				CLANG_WARN_INT_CONVERSION = YES;
				CLANG_WARN_NON_LITERAL_NULL_CONVERSION = YES;
				CLANG_WARN_OBJC_IMPLICIT_RETAIN_SELF = YES;
				CLANG_WARN_OBJC_LITERAL_CONVERSION = YES;
				CLANG_WARN_OBJC_ROOT_CLASS = YES_ERROR;
				CLANG_WARN_QUOTED_INCLUDE_IN_FRAMEWORK_HEADER = YES;
				CLANG_WARN_RANGE_LOOP_ANALYSIS = YES;
				CLANG_WARN_STRICT_PROTOTYPES = YES;
				CLANG_WARN_SUSPICIOUS_MOVE = YES;
				CLANG_WARN_UNGUARDED_AVAILABILITY = YES_AGGRESSIVE;
				CLANG_WARN_UNREACHABLE_CODE = YES;
				CLANG_WARN__DUPLICATE_METHOD_MATCH = YES;
				COPY_PHASE_STRIP = NO;
				DEBUG_INFORMATION_FORMAT = dwarf;
				ENABLE_STRICT_OBJC_MSGSEND = YES;
				ENABLE_TESTABILITY = YES;
				GCC_C_LANGUAGE_STANDARD = gnu11;
				GCC_DYNAMIC_NO_PIC = NO;
				GCC_NO_COMMON_BLOCKS = YES;
				GCC_OPTIMIZATION_LEVEL = 0;
				GCC_PREPROCESSOR_DEFINITIONS = (
					"DEBUG=1",
					"$(inherited)",
				);
				GCC_WARN_64_TO_32_BIT_CONVERSION = YES;
				GCC_WARN_ABOUT_RETURN_TYPE = YES_ERROR;
				GCC_WARN_UNDECLARED_SELECTOR = YES;
				GCC_WARN_UNINITIALIZED_AUTOS = YES_AGGRESSIVE;
				GCC_WARN_UNUSED_FUNCTION = YES;
				GCC_WARN_UNUSED_VARIABLE = YES;
				IPHONEOS_DEPLOYMENT_TARGET = 15.0;
				MTL_ENABLE_DEBUG_INFO = INCLUDE_SOURCE;
				MTL_FAST_MATH = YES;
				ONLY_ACTIVE_ARCH = YES;
				SDKROOT = iphoneos;
				SWIFT_ACTIVE_COMPILATION_CONDITIONS = DEBUG;
				SWIFT_OPTIMIZATION_LEVEL = "-Onone";
			};
			name = Debug;
		};
		88A36C68277DE7BF00DB6DC4 /* Release */ = {
			isa = XCBuildConfiguration;
			buildSettings = {
				ALWAYS_SEARCH_USER_PATHS = NO;
				CLANG_ANALYZER_NONNULL = YES;
				CLANG_ANALYZER_NUMBER_OBJECT_CONVERSION = YES_AGGRESSIVE;
				CLANG_CXX_LANGUAGE_STANDARD = "gnu++17";
				CLANG_CXX_LIBRARY = "libc++";
				CLANG_ENABLE_MODULES = YES;
				CLANG_ENABLE_OBJC_ARC = YES;
				CLANG_ENABLE_OBJC_WEAK = YES;
				CLANG_WARN_BLOCK_CAPTURE_AUTORELEASING = YES;
				CLANG_WARN_BOOL_CONVERSION = YES;
				CLANG_WARN_COMMA = YES;
				CLANG_WARN_CONSTANT_CONVERSION = YES;
				CLANG_WARN_DEPRECATED_OBJC_IMPLEMENTATIONS = YES;
				CLANG_WARN_DIRECT_OBJC_ISA_USAGE = YES_ERROR;
				CLANG_WARN_DOCUMENTATION_COMMENTS = YES;
				CLANG_WARN_EMPTY_BODY = YES;
				CLANG_WARN_ENUM_CONVERSION = YES;
				CLANG_WARN_INFINITE_RECURSION = YES;
				CLANG_WARN_INT_CONVERSION = YES;
				CLANG_WARN_NON_LITERAL_NULL_CONVERSION = YES;
				CLANG_WARN_OBJC_IMPLICIT_RETAIN_SELF = YES;
				CLANG_WARN_OBJC_LITERAL_CONVERSION = YES;
				CLANG_WARN_OBJC_ROOT_CLASS = YES_ERROR;
				CLANG_WARN_QUOTED_INCLUDE_IN_FRAMEWORK_HEADER = YES;
				CLANG_WARN_RANGE_LOOP_ANALYSIS = YES;
				CLANG_WARN_STRICT_PROTOTYPES = YES;
				CLANG_WARN_SUSPICIOUS_MOVE = YES;
				CLANG_WARN_UNGUARDED_AVAILABILITY = YES_AGGRESSIVE;
				CLANG_WARN_UNREACHABLE_CODE = YES;
				CLANG_WARN__DUPLICATE_METHOD_MATCH = YES;
				COPY_PHASE_STRIP = NO;
				DEBUG_INFORMATION_FORMAT = "dwarf-with-dsym";
				ENABLE_NS_ASSERTIONS = NO;
				ENABLE_STRICT_OBJC_MSGSEND = YES;
				GCC_C_LANGUAGE_STANDARD = gnu11;
				GCC_NO_COMMON_BLOCKS = YES;
				GCC_WARN_64_TO_32_BIT_CONVERSION = YES;
				GCC_WARN_ABOUT_RETURN_TYPE = YES_ERROR;
				GCC_WARN_UNDECLARED_SELECTOR = YES;
				GCC_WARN_UNINITIALIZED_AUTOS = YES_AGGRESSIVE;
				GCC_WARN_UNUSED_FUNCTION = YES;
				GCC_WARN_UNUSED_VARIABLE = YES;
				IPHONEOS_DEPLOYMENT_TARGET = 15.0;
				MTL_ENABLE_DEBUG_INFO = NO;
				MTL_FAST_MATH = YES;
				SDKROOT = iphoneos;
				SWIFT_COMPILATION_MODE = wholemodule;
				SWIFT_OPTIMIZATION_LEVEL = "-O";
				VALIDATE_PRODUCT = YES;
			};
			name = Release;
		};
		88A36C6A277DE7BF00DB6DC4 /* Debug */ = {
			isa = XCBuildConfiguration;
			buildSettings = {
				ASSETCATALOG_COMPILER_APPICON_NAME = AppIcon;
				ASSETCATALOG_COMPILER_GLOBAL_ACCENT_COLOR_NAME = AccentColor;
				CODE_SIGN_STYLE = Automatic;
				CURRENT_PROJECT_VERSION = 1;
				DEVELOPMENT_TEAM = XUDFL5KK5Q;
				GENERATE_INFOPLIST_FILE = YES;
				INFOPLIST_FILE = 2021LastProject/Info.plist;
				INFOPLIST_KEY_UIApplicationSupportsIndirectInputEvents = YES;
				INFOPLIST_KEY_UILaunchStoryboardName = LaunchScreen;
				INFOPLIST_KEY_UISupportedInterfaceOrientations_iPad = "UIInterfaceOrientationPortrait UIInterfaceOrientationPortraitUpsideDown UIInterfaceOrientationLandscapeLeft UIInterfaceOrientationLandscapeRight";
				INFOPLIST_KEY_UISupportedInterfaceOrientations_iPhone = "UIInterfaceOrientationPortrait UIInterfaceOrientationLandscapeLeft UIInterfaceOrientationLandscapeRight";
				LD_RUNPATH_SEARCH_PATHS = (
					"$(inherited)",
					"@executable_path/Frameworks",
				);
				MARKETING_VERSION = 1.0;
				PRODUCT_BUNDLE_IDENTIFIER = "yle.-021LastProject";
				PRODUCT_NAME = "$(TARGET_NAME)";
				SWIFT_EMIT_LOC_STRINGS = YES;
				SWIFT_VERSION = 5.0;
				TARGETED_DEVICE_FAMILY = "1,2";
			};
			name = Debug;
		};
		88A36C6B277DE7BF00DB6DC4 /* Release */ = {
			isa = XCBuildConfiguration;
			buildSettings = {
				ASSETCATALOG_COMPILER_APPICON_NAME = AppIcon;
				ASSETCATALOG_COMPILER_GLOBAL_ACCENT_COLOR_NAME = AccentColor;
				CODE_SIGN_STYLE = Automatic;
				CURRENT_PROJECT_VERSION = 1;
				DEVELOPMENT_TEAM = XUDFL5KK5Q;
				GENERATE_INFOPLIST_FILE = YES;
				INFOPLIST_FILE = 2021LastProject/Info.plist;
				INFOPLIST_KEY_UIApplicationSupportsIndirectInputEvents = YES;
				INFOPLIST_KEY_UILaunchStoryboardName = LaunchScreen;
				INFOPLIST_KEY_UISupportedInterfaceOrientations_iPad = "UIInterfaceOrientationPortrait UIInterfaceOrientationPortraitUpsideDown UIInterfaceOrientationLandscapeLeft UIInterfaceOrientationLandscapeRight";
				INFOPLIST_KEY_UISupportedInterfaceOrientations_iPhone = "UIInterfaceOrientationPortrait UIInterfaceOrientationLandscapeLeft UIInterfaceOrientationLandscapeRight";
				LD_RUNPATH_SEARCH_PATHS = (
					"$(inherited)",
					"@executable_path/Frameworks",
				);
				MARKETING_VERSION = 1.0;
				PRODUCT_BUNDLE_IDENTIFIER = "yle.-021LastProject";
				PRODUCT_NAME = "$(TARGET_NAME)";
				SWIFT_EMIT_LOC_STRINGS = YES;
				SWIFT_VERSION = 5.0;
				TARGETED_DEVICE_FAMILY = "1,2";
			};
			name = Release;
		};
/* End XCBuildConfiguration section */

/* Begin XCConfigurationList section */
		88A36C50277DE7BB00DB6DC4 /* Build configuration list for PBXProject "2021LastProject" */ = {
			isa = XCConfigurationList;
			buildConfigurations = (
				88A36C67277DE7BF00DB6DC4 /* Debug */,
				88A36C68277DE7BF00DB6DC4 /* Release */,
			);
			defaultConfigurationIsVisible = 0;
			defaultConfigurationName = Release;
		};
		88A36C69277DE7BF00DB6DC4 /* Build configuration list for PBXNativeTarget "2021LastProject" */ = {
			isa = XCConfigurationList;
			buildConfigurations = (
				88A36C6A277DE7BF00DB6DC4 /* Debug */,
				88A36C6B277DE7BF00DB6DC4 /* Release */,
			);
			defaultConfigurationIsVisible = 0;
			defaultConfigurationName = Release;
		};
/* End XCConfigurationList section */

/* Begin XCRemoteSwiftPackageReference section */
		881B4877278453B800DE1031 /* XCRemoteSwiftPackageReference "Alamofire" */ = {
			isa = XCRemoteSwiftPackageReference;
			repositoryURL = "https://github.com/Alamofire/Alamofire";
			requirement = {
				branch = master;
				kind = branch;
			};
		};
		888C5AE027870232005C8251 /* XCRemoteSwiftPackageReference "IQKeyboardManager" */ = {
			isa = XCRemoteSwiftPackageReference;
			repositoryURL = "https://github.com/hackiftekhar/IQKeyboardManager.git";
			requirement = {
				branch = master;
				kind = branch;
			};
		};
		88A36C73277DE85700DB6DC4 /* XCRemoteSwiftPackageReference "SnapKit" */ = {
			isa = XCRemoteSwiftPackageReference;
			repositoryURL = "https://github.com/SnapKit/SnapKit.git";
			requirement = {
				branch = develop;
				kind = branch;
			};
		};
		88A3D8D527854462001971A0 /* XCRemoteSwiftPackageReference "RxSwift" */ = {
			isa = XCRemoteSwiftPackageReference;
			repositoryURL = "https://github.com/ReactiveX/RxSwift.git";
			requirement = {
				branch = main;
				kind = branch;
			};
		};
		88BBAF8F278320AE00ECEA6F /* XCRemoteSwiftPackageReference "Toast-Swift" */ = {
			isa = XCRemoteSwiftPackageReference;
			repositoryURL = "https://github.com/scalessec/Toast-Swift.git";
			requirement = {
				kind = upToNextMajorVersion;
				minimumVersion = 5.0.0;
			};
		};
/* End XCRemoteSwiftPackageReference section */

/* Begin XCSwiftPackageProductDependency section */
		881B4878278453B800DE1031 /* Alamofire */ = {
			isa = XCSwiftPackageProductDependency;
			package = 881B4877278453B800DE1031 /* XCRemoteSwiftPackageReference "Alamofire" */;
			productName = Alamofire;
		};
		888C5AE127870232005C8251 /* IQKeyboardManagerSwift */ = {
			isa = XCSwiftPackageProductDependency;
			package = 888C5AE027870232005C8251 /* XCRemoteSwiftPackageReference "IQKeyboardManager" */;
			productName = IQKeyboardManagerSwift;
		};
		88A36C74277DE85700DB6DC4 /* SnapKit */ = {
			isa = XCSwiftPackageProductDependency;
			package = 88A36C73277DE85700DB6DC4 /* XCRemoteSwiftPackageReference "SnapKit" */;
			productName = SnapKit;
		};
		88A3D8D627854463001971A0 /* RxCocoa */ = {
			isa = XCSwiftPackageProductDependency;
			package = 88A3D8D527854462001971A0 /* XCRemoteSwiftPackageReference "RxSwift" */;
			productName = RxCocoa;
		};
		88A3D8D827854463001971A0 /* RxSwift */ = {
			isa = XCSwiftPackageProductDependency;
			package = 88A3D8D527854462001971A0 /* XCRemoteSwiftPackageReference "RxSwift" */;
			productName = RxSwift;
		};
		88BBAF90278320AE00ECEA6F /* Toast */ = {
			isa = XCSwiftPackageProductDependency;
			package = 88BBAF8F278320AE00ECEA6F /* XCRemoteSwiftPackageReference "Toast-Swift" */;
			productName = Toast;
		};
/* End XCSwiftPackageProductDependency section */
	};
	rootObject = 88A36C4D277DE7BB00DB6DC4 /* Project object */;
}
